Microsoft Visual Studio Solution File, Format Version 12.00
# Visual Studio 15
VisualStudioVersion = 15.0.26124.0
MinimumVisualStudioVersion = 15.0.26124.0
Project("{9A19103F-16F7-4668-BE54-9A1E7A4F7556}") = "GameTOP", "GameTOP\GameTOP.csproj", "{13C3689B-DB99-4735-A32D-3E55AFF12448}"
EndProject
Project("{9A19103F-16F7-4668-BE54-9A1E7A4F7556}") = "GameTOP.Lib", "GameTOP.Lib\GameTOP.Lib.csproj", "{5D11F8B8-F5E4-45B3-A55F-3556AFA869DD}"
EndProject
Project("{9A19103F-16F7-4668-BE54-9A1E7A4F7556}") = "GameTOP.Interface", "GameTOP.Interface\GameTOP.Interface.csproj", "{C30AE6E9-39A8-4ABB-90F0-6668DBE40B69}"
EndProject
Global
	GlobalSection(SolutionConfigurationPlatforms) = preSolution
		Debug|Any CPU = Debug|Any CPU
		Debug|x64 = Debug|x64
		Debug|x86 = Debug|x86
		Release|Any CPU = Release|Any CPU
		Release|x64 = Release|x64
		Release|x86 = Release|x86
	EndGlobalSection
	GlobalSection(ProjectConfigurationPlatforms) = postSolution
		{13C3689B-DB99-4735-A32D-3E55AFF12448}.Debug|Any CPU.ActiveCfg = Debug|Any CPU
		{13C3689B-DB99-4735-A32D-3E55AFF12448}.Debug|Any CPU.Build.0 = Debug|Any CPU
		{13C3689B-DB99-4735-A32D-3E55AFF12448}.Debug|x64.ActiveCfg = Debug|Any CPU
		{13C3689B-DB99-4735-A32D-3E55AFF12448}.Debug|x64.Build.0 = Debug|Any CPU
		{13C3689B-DB99-4735-A32D-3E55AFF12448}.Debug|x86.ActiveCfg = Debug|Any CPU
		{13C3689B-DB99-4735-A32D-3E55AFF12448}.Debug|x86.Build.0 = Debug|Any CPU
		{13C3689B-DB99-4735-A32D-3E55AFF12448}.Release|Any CPU.ActiveCfg = Release|Any CPU
		{13C3689B-DB99-4735-A32D-3E55AFF12448}.Release|Any CPU.Build.0 = Release|Any CPU
		{13C3689B-DB99-4735-A32D-3E55AFF12448}.Release|x64.ActiveCfg = Release|Any CPU
		{13C3689B-DB99-4735-A32D-3E55AFF12448}.Release|x64.Build.0 = Release|Any CPU
		{13C3689B-DB99-4735-A32D-3E55AFF12448}.Release|x86.ActiveCfg = Release|Any CPU
		{13C3689B-DB99-4735-A32D-3E55AFF12448}.Release|x86.Build.0 = Release|Any CPU
		{5D11F8B8-F5E4-45B3-A55F-3556AFA869DD}.Debug|Any CPU.ActiveCfg = Debug|Any CPU
		{5D11F8B8-F5E4-45B3-A55F-3556AFA869DD}.Debug|Any CPU.Build.0 = Debug|Any CPU
		{5D11F8B8-F5E4-45B3-A55F-3556AFA869DD}.Debug|x64.ActiveCfg = Debug|Any CPU
		{5D11F8B8-F5E4-45B3-A55F-3556AFA869DD}.Debug|x64.Build.0 = Debug|Any CPU
		{5D11F8B8-F5E4-45B3-A55F-3556AFA869DD}.Debug|x86.ActiveCfg = Debug|Any CPU
		{5D11F8B8-F5E4-45B3-A55F-3556AFA869DD}.Debug|x86.Build.0 = Debug|Any CPU
		{5D11F8B8-F5E4-45B3-A55F-3556AFA869DD}.Release|Any CPU.ActiveCfg = Release|Any CPU
		{5D11F8B8-F5E4-45B3-A55F-3556AFA869DD}.Release|Any CPU.Build.0 = Release|Any CPU
		{5D11F8B8-F5E4-45B3-A55F-3556AFA869DD}.Release|x64.ActiveCfg = Release|Any CPU
		{5D11F8B8-F5E4-45B3-A55F-3556AFA869DD}.Release|x64.Build.0 = Release|Any CPU
		{5D11F8B8-F5E4-45B3-A55F-3556AFA869DD}.Release|x86.ActiveCfg = Release|Any CPU
		{5D11F8B8-F5E4-45B3-A55F-3556AFA869DD}.Release|x86.Build.0 = Release|Any CPU
		{C30AE6E9-39A8-4ABB-90F0-6668DBE40B69}.Debug|Any CPU.ActiveCfg = Debug|Any CPU
		{C30AE6E9-39A8-4ABB-90F0-6668DBE40B69}.Debug|Any CPU.Build.0 = Debug|Any CPU
		{C30AE6E9-39A8-4ABB-90F0-6668DBE40B69}.Debug|x64.ActiveCfg = Debug|Any CPU
		{C30AE6E9-39A8-4ABB-90F0-6668DBE40B69}.Debug|x64.Build.0 = Debug|Any CPU
		{C30AE6E9-39A8-4ABB-90F0-6668DBE40B69}.Debug|x86.ActiveCfg = Debug|Any CPU
		{C30AE6E9-39A8-4ABB-90F0-6668DBE40B69}.Debug|x86.Build.0 = Debug|Any CPU
		{C30AE6E9-39A8-4ABB-90F0-6668DBE40B69}.Release|Any CPU.ActiveCfg = Release|Any CPU
		{C30AE6E9-39A8-4ABB-90F0-6668DBE40B69}.Release|Any CPU.Build.0 = Release|Any CPU
		{C30AE6E9-39A8-4ABB-90F0-6668DBE40B69}.Release|x64.ActiveCfg = Release|Any CPU
		{C30AE6E9-39A8-4ABB-90F0-6668DBE40B69}.Release|x64.Build.0 = Release|Any CPU
		{C30AE6E9-39A8-4ABB-90F0-6668DBE40B69}.Release|x86.ActiveCfg = Release|Any CPU
		{C30AE6E9-39A8-4ABB-90F0-6668DBE40B69}.Release|x86.Build.0 = Release|Any CPU
	EndGlobalSection
	GlobalSection(SolutionProperties) = preSolution
		HideSolutionNode = FALSE
	EndGlobalSection
	GlobalSection(ExtensibilityGlobals) = postSolution
		SolutionGuid = {DD706D65-4991-4555-8CAE-6BE85745D628}
	EndGlobalSection
EndGlobal
